
Microsoft Visual Studio Solution File, Format Version 12.00
# Visual Studio Version 17
VisualStudioVersion = 17.0.31903.59
MinimumVisualStudioVersion = 10.0.40219.1
Project("{2150E333-8FDC-42A3-9474-1A3956D46DE8}") = "src", "src", "{636AA48B-9E6E-49CD-AB61-2557285FF04A}"
EndProject
Project("{FAE04EC0-301F-11D3-BF4B-00C04F79EFBC}") = "BicycleShopChatbot.Domain", "src\BicycleShopChatbot.Domain\BicycleShopChatbot.Domain.csproj", "{3401BC9F-89D1-45ED-AAAC-59A8E5010928}"
EndProject
Project("{FAE04EC0-301F-11D3-BF4B-00C04F79EFBC}") = "BicycleShopChatbot.Application", "src\BicycleShopChatbot.Application\BicycleShopChatbot.Application.csproj", "{5510FEA2-EEC0-4F85-B9CF-21739037FC7A}"
EndProject
Project("{FAE04EC0-301F-11D3-BF4B-00C04F79EFBC}") = "BicycleShopChatbot.Infrastructure", "src\BicycleShopChatbot.Infrastructure\BicycleShopChatbot.Infrastructure.csproj", "{16CC8697-070B-4D2D-B06A-178F058F2EBD}"
EndProject
Project("{FAE04EC0-301F-11D3-BF4B-00C04F79EFBC}") = "BicycleShopChatbot.Api", "src\BicycleShopChatbot.Api\BicycleShopChatbot.Api.csproj", "{893F7B23-C63C-4764-8894-E50B7EAB96E0}"
EndProject
Global
	GlobalSection(SolutionConfigurationPlatforms) = preSolution
		Debug|Any CPU = Debug|Any CPU
		Release|Any CPU = Release|Any CPU
	EndGlobalSection
	GlobalSection(SolutionProperties) = preSolution
		HideSolutionNode = FALSE
	EndGlobalSection
	GlobalSection(ProjectConfigurationPlatforms) = postSolution
		{3401BC9F-89D1-45ED-AAAC-59A8E5010928}.Debug|Any CPU.ActiveCfg = Debug|Any CPU
		{3401BC9F-89D1-45ED-AAAC-59A8E5010928}.Debug|Any CPU.Build.0 = Debug|Any CPU
		{3401BC9F-89D1-45ED-AAAC-59A8E5010928}.Release|Any CPU.ActiveCfg = Release|Any CPU
		{3401BC9F-89D1-45ED-AAAC-59A8E5010928}.Release|Any CPU.Build.0 = Release|Any CPU
		{5510FEA2-EEC0-4F85-B9CF-21739037FC7A}.Debug|Any CPU.ActiveCfg = Debug|Any CPU
		{5510FEA2-EEC0-4F85-B9CF-21739037FC7A}.Debug|Any CPU.Build.0 = Debug|Any CPU
		{5510FEA2-EEC0-4F85-B9CF-21739037FC7A}.Release|Any CPU.ActiveCfg = Release|Any CPU
		{5510FEA2-EEC0-4F85-B9CF-21739037FC7A}.Release|Any CPU.Build.0 = Release|Any CPU
		{16CC8697-070B-4D2D-B06A-178F058F2EBD}.Debug|Any CPU.ActiveCfg = Debug|Any CPU
		{16CC8697-070B-4D2D-B06A-178F058F2EBD}.Debug|Any CPU.Build.0 = Debug|Any CPU
		{16CC8697-070B-4D2D-B06A-178F058F2EBD}.Release|Any CPU.ActiveCfg = Release|Any CPU
		{16CC8697-070B-4D2D-B06A-178F058F2EBD}.Release|Any CPU.Build.0 = Release|Any CPU
		{893F7B23-C63C-4764-8894-E50B7EAB96E0}.Debug|Any CPU.ActiveCfg = Debug|Any CPU
		{893F7B23-C63C-4764-8894-E50B7EAB96E0}.Debug|Any CPU.Build.0 = Debug|Any CPU
		{893F7B23-C63C-4764-8894-E50B7EAB96E0}.Release|Any CPU.ActiveCfg = Release|Any CPU
		{893F7B23-C63C-4764-8894-E50B7EAB96E0}.Release|Any CPU.Build.0 = Release|Any CPU
	EndGlobalSection
	GlobalSection(NestedProjects) = preSolution
		{3401BC9F-89D1-45ED-AAAC-59A8E5010928} = {636AA48B-9E6E-49CD-AB61-2557285FF04A}
		{5510FEA2-EEC0-4F85-B9CF-21739037FC7A} = {636AA48B-9E6E-49CD-AB61-2557285FF04A}
		{16CC8697-070B-4D2D-B06A-178F058F2EBD} = {636AA48B-9E6E-49CD-AB61-2557285FF04A}
		{893F7B23-C63C-4764-8894-E50B7EAB96E0} = {636AA48B-9E6E-49CD-AB61-2557285FF04A}
	EndGlobalSection
EndGlobal
